// !$*UTF8*$!
{
	archiveVersion = 1;
	classes = {
	};
	objectVersion = 56;
	objects = {

/* Begin PBXBuildFile section */
		AB1B2C3D4E5F6A7B00000001 /* AboutView.swift in Sources */ = {isa = PBXBuildFile; fileRef = AB1B2C3D4E5F6A7B00000011 /* AboutView.swift */; };
		PA1B2C3D4E5F6A7B00000001 /* PasteAwareTextEditor.swift in Sources */ = {isa = PBXBuildFile; fileRef = PA1B2C3D4E5F6A7B00000011 /* PasteAwareTextEditor.swift */; };
		8A1B2C3D4E5F6A7B00000001 /* MarkShareApp.swift in Sources */ = {isa = PBXBuildFile; fileRef = 8A1B2C3D4E5F6A7B00000011 /* MarkShareApp.swift */; };
		8A1B2C3D4E5F6A7B00000002 /* ContentView.swift in Sources */ = {isa = PBXBuildFile; fileRef = 8A1B2C3D4E5F6A7B00000012 /* ContentView.swift */; };
		CV1B2C3D4E5F6A7B00000001 /* ConversationEntry.swift in Sources */ = {isa = PBXBuildFile; fileRef = CV1B2C3D4E5F6A7B00000011 /* ConversationEntry.swift */; };
		CV1B2C3D4E5F6A7B00000002 /* ConversationEntryView.swift in Sources */ = {isa = PBXBuildFile; fileRef = CV1B2C3D4E5F6A7B00000012 /* ConversationEntryView.swift */; };
		CV1B2C3D4E5F6A7B00000003 /* ConversationView.swift in Sources */ = {isa = PBXBuildFile; fileRef = CV1B2C3D4E5F6A7B00000013 /* ConversationView.swift */; };
		8A1B2C3D4E5F6A7B00000003 /* MarkdownInputView.swift in Sources */ = {isa = PBXBuildFile; fileRef = 8A1B2C3D4E5F6A7B00000013 /* MarkdownInputView.swift */; };
		8A1B2C3D4E5F6A7B00000004 /* PreviewWebView.swift in Sources */ = {isa = PBXBuildFile; fileRef = 8A1B2C3D4E5F6A7B00000014 /* PreviewWebView.swift */; };
		8A1B2C3D4E5F6A7B00000005 /* ThemePicker.swift in Sources */ = {isa = PBXBuildFile; fileRef = 8A1B2C3D4E5F6A7B00000015 /* ThemePicker.swift */; };
		8A1B2C3D4E5F6A7B0000000F /* WelcomeView.swift in Sources */ = {isa = PBXBuildFile; fileRef = 8A1B2C3D4E5F6A7B0000002F /* WelcomeView.swift */; };
		8A1B2C3D4E5F6A7B00000006 /* Theme.swift in Sources */ = {isa = PBXBuildFile; fileRef = 8A1B2C3D4E5F6A7B00000016 /* Theme.swift */; };
		8A1B2C3D4E5F6A7B00000007 /* ThemeManager.swift in Sources */ = {isa = PBXBuildFile; fileRef = 8A1B2C3D4E5F6A7B00000017 /* ThemeManager.swift */; };
		8A1B2C3D4E5F6A7B00000008 /* MarkdownRenderer.swift in Sources */ = {isa = PBXBuildFile; fileRef = 8A1B2C3D4E5F6A7B00000018 /* MarkdownRenderer.swift */; };
		8A1B2C3D4E5F6A7B00000009 /* ExportService.swift in Sources */ = {isa = PBXBuildFile; fileRef = 8A1B2C3D4E5F6A7B00000019 /* ExportService.swift */; };
		8A1B2C3D4E5F6A7B0000000A /* Assets.xcassets in Resources */ = {isa = PBXBuildFile; fileRef = 8A1B2C3D4E5F6A7B0000001A /* Assets.xcassets */; };
		8A1B2C3D4E5F6A7B0000000B /* light.css in Resources */ = {isa = PBXBuildFile; fileRef = 8A1B2C3D4E5F6A7B0000001B /* light.css */; };
		8A1B2C3D4E5F6A7B0000000C /* dark.css in Resources */ = {isa = PBXBuildFile; fileRef = 8A1B2C3D4E5F6A7B0000001C /* dark.css */; };
		8A1B2C3D4E5F6A7B0000000D /* github.css in Resources */ = {isa = PBXBuildFile; fileRef = 8A1B2C3D4E5F6A7B0000001D /* github.css */; };
		8A1B2C3D4E5F6A7B0000000E /* sepia.css in Resources */ = {isa = PBXBuildFile; fileRef = 8A1B2C3D4E5F6A7B0000001E /* sepia.css */; };
		TH1B2C3D4E5F6A7B00000001 /* solarized.css in Resources */ = {isa = PBXBuildFile; fileRef = TH1B2C3D4E5F6A7B00000011 /* solarized.css */; };
		TH1B2C3D4E5F6A7B00000002 /* nord.css in Resources */ = {isa = PBXBuildFile; fileRef = TH1B2C3D4E5F6A7B00000012 /* nord.css */; };
		TH1B2C3D4E5F6A7B00000003 /* dracula.css in Resources */ = {isa = PBXBuildFile; fileRef = TH1B2C3D4E5F6A7B00000013 /* dracula.css */; };
		9B2C3D4E5F6A7B8C00000001 /* ShareViewController.swift in Sources */ = {isa = PBXBuildFile; fileRef = 9B2C3D4E5F6A7B8C00000011 /* ShareViewController.swift */; };
		9B2C3D4E5F6A7B8C00000002 /* MainInterface.storyboard in Resources */ = {isa = PBXBuildFile; fileRef = 9B2C3D4E5F6A7B8C00000012 /* MainInterface.storyboard */; };
		9B2C3D4E5F6A7B8C00000003 /* MarkShareExtension.appex in Embed Foundation Extensions */ = {isa = PBXBuildFile; fileRef = 9B2C3D4E5F6A7B8C00000021 /* MarkShareExtension.appex */; settings = {ATTRIBUTES = (RemoveHeadersOnCopy, ); }; };
		9B2C3D4E5F6A7B8C00000004 /* light.css in Resources */ = {isa = PBXBuildFile; fileRef = 8A1B2C3D4E5F6A7B0000001B /* light.css */; };
		9B2C3D4E5F6A7B8C00000005 /* dark.css in Resources */ = {isa = PBXBuildFile; fileRef = 8A1B2C3D4E5F6A7B0000001C /* dark.css */; };
		9B2C3D4E5F6A7B8C00000006 /* github.css in Resources */ = {isa = PBXBuildFile; fileRef = 8A1B2C3D4E5F6A7B0000001D /* github.css */; };
		9B2C3D4E5F6A7B8C00000007 /* sepia.css in Resources */ = {isa = PBXBuildFile; fileRef = 8A1B2C3D4E5F6A7B0000001E /* sepia.css */; };
		TH2C3D4E5F6A7B8C00000001 /* solarized.css in Resources */ = {isa = PBXBuildFile; fileRef = TH1B2C3D4E5F6A7B00000011 /* solarized.css */; };
		TH2C3D4E5F6A7B8C00000002 /* nord.css in Resources */ = {isa = PBXBuildFile; fileRef = TH1B2C3D4E5F6A7B00000012 /* nord.css */; };
		TH2C3D4E5F6A7B8C00000003 /* dracula.css in Resources */ = {isa = PBXBuildFile; fileRef = TH1B2C3D4E5F6A7B00000013 /* dracula.css */; };
		TC1B2C3D4E5F6A7B00000001 /* MarkdownRendererTests.swift in Sources */ = {isa = PBXBuildFile; fileRef = TC1B2C3D4E5F6A7B00000011 /* MarkdownRendererTests.swift */; };
/* End PBXBuildFile section */

/* Begin PBXContainerItemProxy section */
		9B2C3D4E5F6A7B8C00000031 /* PBXContainerItemProxy */ = {
			isa = PBXContainerItemProxy;
			containerPortal = 8A1B2C3D4E5F6A7B00000100 /* Project object */;
			proxyType = 1;
			remoteGlobalIDString = 9B2C3D4E5F6A7B8C00000020;
			remoteInfo = MarkShareExtension;
		};
		TC1B2C3D4E5F6A7B00000031 /* PBXContainerItemProxy */ = {
			isa = PBXContainerItemProxy;
			containerPortal = 8A1B2C3D4E5F6A7B00000100 /* Project object */;
			proxyType = 1;
			remoteGlobalIDString = 8A1B2C3D4E5F6A7B00000080;
			remoteInfo = MarkShare;
		};
/* End PBXContainerItemProxy section */

/* Begin PBXCopyFilesBuildPhase section */
		8A1B2C3D4E5F6A7B00000050 /* Embed Foundation Extensions */ = {
			isa = PBXCopyFilesBuildPhase;
			buildActionMask = 2147483647;
			dstPath = "";
			dstSubfolderSpec = 13;
			files = (
				9B2C3D4E5F6A7B8C00000003 /* MarkShareExtension.appex in Embed Foundation Extensions */,
			);
			name = "Embed Foundation Extensions";
			runOnlyForDeploymentPostprocessing = 0;
		};
/* End PBXCopyFilesBuildPhase section */

/* Begin PBXFileReference section */
		AB1B2C3D4E5F6A7B00000011 /* AboutView.swift */ = {isa = PBXFileReference; lastKnownFileType = sourcecode.swift; path = AboutView.swift; sourceTree = "<group>"; };
		PA1B2C3D4E5F6A7B00000011 /* PasteAwareTextEditor.swift */ = {isa = PBXFileReference; lastKnownFileType = sourcecode.swift; path = PasteAwareTextEditor.swift; sourceTree = "<group>"; };
		8A1B2C3D4E5F6A7B00000011 /* MarkShareApp.swift */ = {isa = PBXFileReference; lastKnownFileType = sourcecode.swift; path = MarkShareApp.swift; sourceTree = "<group>"; };
		8A1B2C3D4E5F6A7B00000012 /* ContentView.swift */ = {isa = PBXFileReference; lastKnownFileType = sourcecode.swift; path = ContentView.swift; sourceTree = "<group>"; };
		CV1B2C3D4E5F6A7B00000011 /* ConversationEntry.swift */ = {isa = PBXFileReference; lastKnownFileType = sourcecode.swift; path = ConversationEntry.swift; sourceTree = "<group>"; };
		CV1B2C3D4E5F6A7B00000012 /* ConversationEntryView.swift */ = {isa = PBXFileReference; lastKnownFileType = sourcecode.swift; path = ConversationEntryView.swift; sourceTree = "<group>"; };
		CV1B2C3D4E5F6A7B00000013 /* ConversationView.swift */ = {isa = PBXFileReference; lastKnownFileType = sourcecode.swift; path = ConversationView.swift; sourceTree = "<group>"; };
		8A1B2C3D4E5F6A7B00000013 /* MarkdownInputView.swift */ = {isa = PBXFileReference; lastKnownFileType = sourcecode.swift; path = MarkdownInputView.swift; sourceTree = "<group>"; };
		8A1B2C3D4E5F6A7B00000014 /* PreviewWebView.swift */ = {isa = PBXFileReference; lastKnownFileType = sourcecode.swift; path = PreviewWebView.swift; sourceTree = "<group>"; };
		8A1B2C3D4E5F6A7B00000015 /* ThemePicker.swift */ = {isa = PBXFileReference; lastKnownFileType = sourcecode.swift; path = ThemePicker.swift; sourceTree = "<group>"; };
		8A1B2C3D4E5F6A7B0000002F /* WelcomeView.swift */ = {isa = PBXFileReference; lastKnownFileType = sourcecode.swift; path = WelcomeView.swift; sourceTree = "<group>"; };
		8A1B2C3D4E5F6A7B00000016 /* Theme.swift */ = {isa = PBXFileReference; lastKnownFileType = sourcecode.swift; path = Theme.swift; sourceTree = "<group>"; };
		8A1B2C3D4E5F6A7B00000017 /* ThemeManager.swift */ = {isa = PBXFileReference; lastKnownFileType = sourcecode.swift; path = ThemeManager.swift; sourceTree = "<group>"; };
		8A1B2C3D4E5F6A7B00000018 /* MarkdownRenderer.swift */ = {isa = PBXFileReference; lastKnownFileType = sourcecode.swift; path = MarkdownRenderer.swift; sourceTree = "<group>"; };
		8A1B2C3D4E5F6A7B00000019 /* ExportService.swift */ = {isa = PBXFileReference; lastKnownFileType = sourcecode.swift; path = ExportService.swift; sourceTree = "<group>"; };
		8A1B2C3D4E5F6A7B0000001A /* Assets.xcassets */ = {isa = PBXFileReference; lastKnownFileType = folder.assetcatalog; path = Assets.xcassets; sourceTree = "<group>"; };
		8A1B2C3D4E5F6A7B0000001B /* light.css */ = {isa = PBXFileReference; lastKnownFileType = text.css; path = light.css; sourceTree = "<group>"; };
		8A1B2C3D4E5F6A7B0000001C /* dark.css */ = {isa = PBXFileReference; lastKnownFileType = text.css; path = dark.css; sourceTree = "<group>"; };
		8A1B2C3D4E5F6A7B0000001D /* github.css */ = {isa = PBXFileReference; lastKnownFileType = text.css; path = github.css; sourceTree = "<group>"; };
		8A1B2C3D4E5F6A7B0000001E /* sepia.css */ = {isa = PBXFileReference; lastKnownFileType = text.css; path = sepia.css; sourceTree = "<group>"; };
		TH1B2C3D4E5F6A7B00000011 /* solarized.css */ = {isa = PBXFileReference; lastKnownFileType = text.css; path = solarized.css; sourceTree = "<group>"; };
		TH1B2C3D4E5F6A7B00000012 /* nord.css */ = {isa = PBXFileReference; lastKnownFileType = text.css; path = nord.css; sourceTree = "<group>"; };
		TH1B2C3D4E5F6A7B00000013 /* dracula.css */ = {isa = PBXFileReference; lastKnownFileType = text.css; path = dracula.css; sourceTree = "<group>"; };
		8A1B2C3D4E5F6A7B0000001F /* Info.plist */ = {isa = PBXFileReference; lastKnownFileType = text.plist.xml; path = Info.plist; sourceTree = "<group>"; };
		8A1B2C3D4E5F6A7B00000020 /* MarkShare.app */ = {isa = PBXFileReference; explicitFileType = wrapper.application; includeInIndex = 0; path = MarkShare.app; sourceTree = BUILT_PRODUCTS_DIR; };
		9B2C3D4E5F6A7B8C00000011 /* ShareViewController.swift */ = {isa = PBXFileReference; lastKnownFileType = sourcecode.swift; path = ShareViewController.swift; sourceTree = "<group>"; };
		9B2C3D4E5F6A7B8C00000012 /* MainInterface.storyboard */ = {isa = PBXFileReference; lastKnownFileType = file.storyboard; path = MainInterface.storyboard; sourceTree = "<group>"; };
		9B2C3D4E5F6A7B8C00000013 /* Info.plist */ = {isa = PBXFileReference; lastKnownFileType = text.plist.xml; path = Info.plist; sourceTree = "<group>"; };
		9B2C3D4E5F6A7B8C00000021 /* MarkShareExtension.appex */ = {isa = PBXFileReference; explicitFileType = "wrapper.app-extension"; includeInIndex = 0; path = MarkShareExtension.appex; sourceTree = BUILT_PRODUCTS_DIR; };
		TC1B2C3D4E5F6A7B00000011 /* MarkdownRendererTests.swift */ = {isa = PBXFileReference; lastKnownFileType = sourcecode.swift; path = MarkdownRendererTests.swift; sourceTree = "<group>"; };
		TC1B2C3D4E5F6A7B00000021 /* MarkShareTests.xctest */ = {isa = PBXFileReference; explicitFileType = wrapper.cfbundle; includeInIndex = 0; path = MarkShareTests.xctest; sourceTree = BUILT_PRODUCTS_DIR; };
/* End PBXFileReference section */

/* Begin PBXFrameworksBuildPhase section */
		8A1B2C3D4E5F6A7B00000040 /* Frameworks */ = {
			isa = PBXFrameworksBuildPhase;
			buildActionMask = 2147483647;
			files = (
			);
			runOnlyForDeploymentPostprocessing = 0;
		};
		9B2C3D4E5F6A7B8C00000040 /* Frameworks */ = {
			isa = PBXFrameworksBuildPhase;
			buildActionMask = 2147483647;
			files = (
			);
			runOnlyForDeploymentPostprocessing = 0;
		};
		TC1B2C3D4E5F6A7B00000040 /* Frameworks */ = {
			isa = PBXFrameworksBuildPhase;
			buildActionMask = 2147483647;
			files = (
			);
			runOnlyForDeploymentPostprocessing = 0;
		};
/* End PBXFrameworksBuildPhase section */

/* Begin PBXGroup section */
		8A1B2C3D4E5F6A7B00000060 = {
			isa = PBXGroup;
			children = (
				8A1B2C3D4E5F6A7B00000061 /* MarkShare */,
				9B2C3D4E5F6A7B8C00000060 /* MarkShareExtension */,
				TC1B2C3D4E5F6A7B00000060 /* MarkShareTests */,
				8A1B2C3D4E5F6A7B00000070 /* Products */,
			);
			sourceTree = "<group>";
		};
		8A1B2C3D4E5F6A7B00000061 /* MarkShare */ = {
			isa = PBXGroup;
			children = (
				8A1B2C3D4E5F6A7B00000062 /* App */,
				8A1B2C3D4E5F6A7B00000063 /* Views */,
				8A1B2C3D4E5F6A7B00000064 /* Services */,
				8A1B2C3D4E5F6A7B00000065 /* Models */,
				8A1B2C3D4E5F6A7B00000066 /* Resources */,
				8A1B2C3D4E5F6A7B0000001A /* Assets.xcassets */,
				8A1B2C3D4E5F6A7B0000001F /* Info.plist */,
			);
			path = MarkShare;
			sourceTree = "<group>";
		};
		8A1B2C3D4E5F6A7B00000062 /* App */ = {
			isa = PBXGroup;
			children = (
				8A1B2C3D4E5F6A7B00000011 /* MarkShareApp.swift */,
			);
			path = App;
			sourceTree = "<group>";
		};
		8A1B2C3D4E5F6A7B00000063 /* Views */ = {
			isa = PBXGroup;
			children = (
				AB1B2C3D4E5F6A7B00000011 /* AboutView.swift */,
				8A1B2C3D4E5F6A7B00000012 /* ContentView.swift */,
				CV1B2C3D4E5F6A7B00000012 /* ConversationEntryView.swift */,
				CV1B2C3D4E5F6A7B00000013 /* ConversationView.swift */,
				8A1B2C3D4E5F6A7B00000013 /* MarkdownInputView.swift */,
				PA1B2C3D4E5F6A7B00000011 /* PasteAwareTextEditor.swift */,
				8A1B2C3D4E5F6A7B00000014 /* PreviewWebView.swift */,
				8A1B2C3D4E5F6A7B00000015 /* ThemePicker.swift */,
				8A1B2C3D4E5F6A7B0000002F /* WelcomeView.swift */,
			);
			path = Views;
			sourceTree = "<group>";
		};
		8A1B2C3D4E5F6A7B00000064 /* Services */ = {
			isa = PBXGroup;
			children = (
				8A1B2C3D4E5F6A7B00000017 /* ThemeManager.swift */,
				8A1B2C3D4E5F6A7B00000018 /* MarkdownRenderer.swift */,
				8A1B2C3D4E5F6A7B00000019 /* ExportService.swift */,
			);
			path = Services;
			sourceTree = "<group>";
		};
		8A1B2C3D4E5F6A7B00000065 /* Models */ = {
			isa = PBXGroup;
			children = (
				CV1B2C3D4E5F6A7B00000011 /* ConversationEntry.swift */,
				8A1B2C3D4E5F6A7B00000016 /* Theme.swift */,
			);
			path = Models;
			sourceTree = "<group>";
		};
		8A1B2C3D4E5F6A7B00000066 /* Resources */ = {
			isa = PBXGroup;
			children = (
				8A1B2C3D4E5F6A7B00000067 /* Themes */,
			);
			path = Resources;
			sourceTree = "<group>";
		};
		8A1B2C3D4E5F6A7B00000067 /* Themes */ = {
			isa = PBXGroup;
			children = (
				8A1B2C3D4E5F6A7B0000001B /* light.css */,
				8A1B2C3D4E5F6A7B0000001C /* dark.css */,
				8A1B2C3D4E5F6A7B0000001D /* github.css */,
				8A1B2C3D4E5F6A7B0000001E /* sepia.css */,
				TH1B2C3D4E5F6A7B00000011 /* solarized.css */,
				TH1B2C3D4E5F6A7B00000012 /* nord.css */,
				TH1B2C3D4E5F6A7B00000013 /* dracula.css */,
			);
			path = Themes;
			sourceTree = "<group>";
		};
		8A1B2C3D4E5F6A7B00000070 /* Products */ = {
			isa = PBXGroup;
			children = (
				8A1B2C3D4E5F6A7B00000020 /* MarkShare.app */,
				9B2C3D4E5F6A7B8C00000021 /* MarkShareExtension.appex */,
				TC1B2C3D4E5F6A7B00000021 /* MarkShareTests.xctest */,
			);
			name = Products;
			sourceTree = "<group>";
		};
		9B2C3D4E5F6A7B8C00000060 /* MarkShareExtension */ = {
			isa = PBXGroup;
			children = (
				9B2C3D4E5F6A7B8C00000011 /* ShareViewController.swift */,
				9B2C3D4E5F6A7B8C00000012 /* MainInterface.storyboard */,
				9B2C3D4E5F6A7B8C00000013 /* Info.plist */,
			);
			path = MarkShareExtension;
			sourceTree = "<group>";
		};
		TC1B2C3D4E5F6A7B00000060 /* MarkShareTests */ = {
			isa = PBXGroup;
			children = (
				TC1B2C3D4E5F6A7B00000011 /* MarkdownRendererTests.swift */,
			);
			path = MarkShareTests;
			sourceTree = "<group>";
		};
/* End PBXGroup section */

/* Begin PBXNativeTarget section */
		8A1B2C3D4E5F6A7B00000080 /* MarkShare */ = {
			isa = PBXNativeTarget;
			buildConfigurationList = 8A1B2C3D4E5F6A7B000000A0 /* Build configuration list for PBXNativeTarget "MarkShare" */;
			buildPhases = (
				8A1B2C3D4E5F6A7B00000030 /* Sources */,
				8A1B2C3D4E5F6A7B00000040 /* Frameworks */,
				8A1B2C3D4E5F6A7B00000041 /* Resources */,
				8A1B2C3D4E5F6A7B00000050 /* Embed Foundation Extensions */,
			);
			buildRules = (
			);
			dependencies = (
				9B2C3D4E5F6A7B8C00000032 /* PBXTargetDependency */,
			);
			name = MarkShare;
			productName = MarkShare;
			productReference = 8A1B2C3D4E5F6A7B00000020 /* MarkShare.app */;
			productType = "com.apple.product-type.application";
		};
		9B2C3D4E5F6A7B8C00000020 /* MarkShareExtension */ = {
			isa = PBXNativeTarget;
			buildConfigurationList = 9B2C3D4E5F6A7B8C000000A0 /* Build configuration list for PBXNativeTarget "MarkShareExtension" */;
			buildPhases = (
				9B2C3D4E5F6A7B8C00000030 /* Sources */,
				9B2C3D4E5F6A7B8C00000040 /* Frameworks */,
				9B2C3D4E5F6A7B8C00000041 /* Resources */,
			);
			buildRules = (
			);
			dependencies = (
			);
			name = MarkShareExtension;
			productName = MarkShareExtension;
			productReference = 9B2C3D4E5F6A7B8C00000021 /* MarkShareExtension.appex */;
			productType = "com.apple.product-type.app-extension";
		};
		TC1B2C3D4E5F6A7B00000080 /* MarkShareTests */ = {
			isa = PBXNativeTarget;
			buildConfigurationList = TC1B2C3D4E5F6A7B000000A0 /* Build configuration list for PBXNativeTarget "MarkShareTests" */;
			buildPhases = (
				TC1B2C3D4E5F6A7B00000030 /* Sources */,
				TC1B2C3D4E5F6A7B00000040 /* Frameworks */,
				TC1B2C3D4E5F6A7B00000041 /* Resources */,
			);
			buildRules = (
			);
			dependencies = (
				TC1B2C3D4E5F6A7B00000032 /* PBXTargetDependency */,
			);
			name = MarkShareTests;
			productName = MarkShareTests;
			productReference = TC1B2C3D4E5F6A7B00000021 /* MarkShareTests.xctest */;
			productType = "com.apple.product-type.bundle.unit-test";
		};
/* End PBXNativeTarget section */

/* Begin PBXProject section */
		8A1B2C3D4E5F6A7B00000100 /* Project object */ = {
			isa = PBXProject;
			attributes = {
				BuildIndependentTargetsInParallel = 1;
				LastSwiftUpdateCheck = 1500;
				LastUpgradeCheck = 1500;
				TargetAttributes = {
					8A1B2C3D4E5F6A7B00000080 = {
						CreatedOnToolsVersion = 15.0;
					};
					9B2C3D4E5F6A7B8C00000020 = {
						CreatedOnToolsVersion = 15.0;
					};
					TC1B2C3D4E5F6A7B00000080 = {
						CreatedOnToolsVersion = 15.0;
						TestTargetID = 8A1B2C3D4E5F6A7B00000080;
					};
				};
			};
			buildConfigurationList = 8A1B2C3D4E5F6A7B000000B0 /* Build configuration list for PBXProject "MarkShare" */;
			compatibilityVersion = "Xcode 14.0";
			developmentRegion = en;
			hasScannedForEncodings = 0;
			knownRegions = (
				en,
				Base,
			);
			mainGroup = 8A1B2C3D4E5F6A7B00000060;
			productRefGroup = 8A1B2C3D4E5F6A7B00000070 /* Products */;
			projectDirPath = "";
			projectRoot = "";
			targets = (
				8A1B2C3D4E5F6A7B00000080 /* MarkShare */,
				9B2C3D4E5F6A7B8C00000020 /* MarkShareExtension */,
				TC1B2C3D4E5F6A7B00000080 /* MarkShareTests */,
			);
		};
/* End PBXProject section */

/* Begin PBXResourcesBuildPhase section */
		8A1B2C3D4E5F6A7B00000041 /* Resources */ = {
			isa = PBXResourcesBuildPhase;
			buildActionMask = 2147483647;
			files = (
				8A1B2C3D4E5F6A7B0000000A /* Assets.xcassets in Resources */,
				8A1B2C3D4E5F6A7B0000000B /* light.css in Resources */,
				8A1B2C3D4E5F6A7B0000000C /* dark.css in Resources */,
				8A1B2C3D4E5F6A7B0000000D /* github.css in Resources */,
				8A1B2C3D4E5F6A7B0000000E /* sepia.css in Resources */,
				TH1B2C3D4E5F6A7B00000001 /* solarized.css in Resources */,
				TH1B2C3D4E5F6A7B00000002 /* nord.css in Resources */,
				TH1B2C3D4E5F6A7B00000003 /* dracula.css in Resources */,
			);
			runOnlyForDeploymentPostprocessing = 0;
		};
		9B2C3D4E5F6A7B8C00000041 /* Resources */ = {
			isa = PBXResourcesBuildPhase;
			buildActionMask = 2147483647;
			files = (
				9B2C3D4E5F6A7B8C00000002 /* MainInterface.storyboard in Resources */,
				9B2C3D4E5F6A7B8C00000004 /* light.css in Resources */,
				9B2C3D4E5F6A7B8C00000005 /* dark.css in Resources */,
				9B2C3D4E5F6A7B8C00000006 /* github.css in Resources */,
				9B2C3D4E5F6A7B8C00000007 /* sepia.css in Resources */,
				TH2C3D4E5F6A7B8C00000001 /* solarized.css in Resources */,
				TH2C3D4E5F6A7B8C00000002 /* nord.css in Resources */,
				TH2C3D4E5F6A7B8C00000003 /* dracula.css in Resources */,
			);
			runOnlyForDeploymentPostprocessing = 0;
		};
		TC1B2C3D4E5F6A7B00000041 /* Resources */ = {
			isa = PBXResourcesBuildPhase;
			buildActionMask = 2147483647;
			files = (
			);
			runOnlyForDeploymentPostprocessing = 0;
		};
/* End PBXResourcesBuildPhase section */

/* Begin PBXSourcesBuildPhase section */
		8A1B2C3D4E5F6A7B00000030 /* Sources */ = {
			isa = PBXSourcesBuildPhase;
			buildActionMask = 2147483647;
			files = (
				8A1B2C3D4E5F6A7B00000001 /* MarkShareApp.swift in Sources */,
				AB1B2C3D4E5F6A7B00000001 /* AboutView.swift in Sources */,
				8A1B2C3D4E5F6A7B00000002 /* ContentView.swift in Sources */,
				CV1B2C3D4E5F6A7B00000001 /* ConversationEntry.swift in Sources */,
				CV1B2C3D4E5F6A7B00000002 /* ConversationEntryView.swift in Sources */,
				CV1B2C3D4E5F6A7B00000003 /* ConversationView.swift in Sources */,
				8A1B2C3D4E5F6A7B00000003 /* MarkdownInputView.swift in Sources */,
				PA1B2C3D4E5F6A7B00000001 /* PasteAwareTextEditor.swift in Sources */,
				8A1B2C3D4E5F6A7B00000004 /* PreviewWebView.swift in Sources */,
				8A1B2C3D4E5F6A7B00000005 /* ThemePicker.swift in Sources */,
				8A1B2C3D4E5F6A7B0000000F /* WelcomeView.swift in Sources */,
				8A1B2C3D4E5F6A7B00000006 /* Theme.swift in Sources */,
				8A1B2C3D4E5F6A7B00000007 /* ThemeManager.swift in Sources */,
				8A1B2C3D4E5F6A7B00000008 /* MarkdownRenderer.swift in Sources */,
				8A1B2C3D4E5F6A7B00000009 /* ExportService.swift in Sources */,
			);
			runOnlyForDeploymentPostprocessing = 0;
		};
		9B2C3D4E5F6A7B8C00000030 /* Sources */ = {
			isa = PBXSourcesBuildPhase;
			buildActionMask = 2147483647;
			files = (
				9B2C3D4E5F6A7B8C00000001 /* ShareViewController.swift in Sources */,
			);
			runOnlyForDeploymentPostprocessing = 0;
		};
		TC1B2C3D4E5F6A7B00000030 /* Sources */ = {
			isa = PBXSourcesBuildPhase;
			buildActionMask = 2147483647;
			files = (
				TC1B2C3D4E5F6A7B00000001 /* MarkdownRendererTests.swift in Sources */,
			);
			runOnlyForDeploymentPostprocessing = 0;
		};
/* End PBXSourcesBuildPhase section */

/* Begin PBXTargetDependency section */
		9B2C3D4E5F6A7B8C00000032 /* PBXTargetDependency */ = {
			isa = PBXTargetDependency;
			target = 9B2C3D4E5F6A7B8C00000020 /* MarkShareExtension */;
			targetProxy = 9B2C3D4E5F6A7B8C00000031 /* PBXContainerItemProxy */;
		};
		TC1B2C3D4E5F6A7B00000032 /* PBXTargetDependency */ = {
			isa = PBXTargetDependency;
			target = 8A1B2C3D4E5F6A7B00000080 /* MarkShare */;
			targetProxy = TC1B2C3D4E5F6A7B00000031 /* PBXContainerItemProxy */;
		};
/* End PBXTargetDependency section */

/* Begin XCBuildConfiguration section */
		8A1B2C3D4E5F6A7B000000C1 /* Debug */ = {
			isa = XCBuildConfiguration;
			buildSettings = {
				ALWAYS_SEARCH_USER_PATHS = NO;
				ASSETCATALOG_COMPILER_GENERATE_SWIFT_ASSET_SYMBOL_EXTENSIONS = YES;
				CLANG_ANALYZER_NONNULL = YES;
				CLANG_ANALYZER_NUMBER_OBJECT_CONVERSION = YES_AGGRESSIVE;
				CLANG_CXX_LANGUAGE_STANDARD = "gnu++20";
				CLANG_ENABLE_MODULES = YES;
				CLANG_ENABLE_OBJC_ARC = YES;
				CLANG_ENABLE_OBJC_WEAK = YES;
				CLANG_WARN_BLOCK_CAPTURE_AUTORELEASING = YES;
				CLANG_WARN_BOOL_CONVERSION = YES;
				CLANG_WARN_COMMA = YES;
				CLANG_WARN_CONSTANT_CONVERSION = YES;
				CLANG_WARN_DEPRECATED_OBJC_IMPLEMENTATIONS = YES;
				CLANG_WARN_DIRECT_OBJC_ISA_USAGE = YES_ERROR;
				CLANG_WARN_DOCUMENTATION_COMMENTS = YES;
				CLANG_WARN_EMPTY_BODY = YES;
				CLANG_WARN_ENUM_CONVERSION = YES;
				CLANG_WARN_INFINITE_RECURSION = YES;
				CLANG_WARN_INT_CONVERSION = YES;
				CLANG_WARN_NON_LITERAL_NULL_CONVERSION = YES;
				CLANG_WARN_OBJC_IMPLICIT_RETAIN_SELF = YES;
				CLANG_WARN_OBJC_LITERAL_CONVERSION = YES;
				CLANG_WARN_OBJC_ROOT_CLASS = YES_ERROR;
				CLANG_WARN_QUOTED_INCLUDE_IN_FRAMEWORK_HEADER = YES;
				CLANG_WARN_RANGE_LOOP_ANALYSIS = YES;
				CLANG_WARN_STRICT_PROTOTYPES = YES;
				CLANG_WARN_SUSPICIOUS_MOVE = YES;
				CLANG_WARN_UNGUARDED_AVAILABILITY = YES_AGGRESSIVE;
				CLANG_WARN_UNREACHABLE_CODE = YES;
				CLANG_WARN__DUPLICATE_METHOD_MATCH = YES;
				COPY_PHASE_STRIP = NO;
				DEBUG_INFORMATION_FORMAT = dwarf;
				ENABLE_STRICT_OBJC_MSGSEND = YES;
				ENABLE_TESTABILITY = YES;
				ENABLE_USER_SCRIPT_SANDBOXING = YES;
				GCC_C_LANGUAGE_STANDARD = gnu17;
				GCC_DYNAMIC_NO_PIC = NO;
				GCC_NO_COMMON_BLOCKS = YES;
				GCC_OPTIMIZATION_LEVEL = 0;
				GCC_PREPROCESSOR_DEFINITIONS = (
					"DEBUG=1",
					"$(inherited)",
				);
				GCC_WARN_64_TO_32_BIT_CONVERSION = YES;
				GCC_WARN_ABOUT_RETURN_TYPE = YES_ERROR;
				GCC_WARN_UNDECLARED_SELECTOR = YES;
				GCC_WARN_UNINITIALIZED_AUTOS = YES_AGGRESSIVE;
				GCC_WARN_UNUSED_FUNCTION = YES;
				GCC_WARN_UNUSED_VARIABLE = YES;
				IPHONEOS_DEPLOYMENT_TARGET = 17.0;
				LOCALIZATION_PREFERS_STRING_CATALOGS = YES;
				MTL_ENABLE_DEBUG_INFO = INCLUDE_SOURCE;
				MTL_FAST_MATH = YES;
				ONLY_ACTIVE_ARCH = YES;
				SDKROOT = iphoneos;
				SWIFT_ACTIVE_COMPILATION_CONDITIONS = "DEBUG $(inherited)";
				SWIFT_OPTIMIZATION_LEVEL = "-Onone";
			};
			name = Debug;
		};
		8A1B2C3D4E5F6A7B000000C2 /* Release */ = {
			isa = XCBuildConfiguration;
			buildSettings = {
				ALWAYS_SEARCH_USER_PATHS = NO;
				ASSETCATALOG_COMPILER_GENERATE_SWIFT_ASSET_SYMBOL_EXTENSIONS = YES;
				CLANG_ANALYZER_NONNULL = YES;
				CLANG_ANALYZER_NUMBER_OBJECT_CONVERSION = YES_AGGRESSIVE;
				CLANG_CXX_LANGUAGE_STANDARD = "gnu++20";
				CLANG_ENABLE_MODULES = YES;
				CLANG_ENABLE_OBJC_ARC = YES;
				CLANG_ENABLE_OBJC_WEAK = YES;
				CLANG_WARN_BLOCK_CAPTURE_AUTORELEASING = YES;
				CLANG_WARN_BOOL_CONVERSION = YES;
				CLANG_WARN_COMMA = YES;
				CLANG_WARN_CONSTANT_CONVERSION = YES;
				CLANG_WARN_DEPRECATED_OBJC_IMPLEMENTATIONS = YES;
				CLANG_WARN_DIRECT_OBJC_ISA_USAGE = YES_ERROR;
				CLANG_WARN_DOCUMENTATION_COMMENTS = YES;
				CLANG_WARN_EMPTY_BODY = YES;
				CLANG_WARN_ENUM_CONVERSION = YES;
				CLANG_WARN_INFINITE_RECURSION = YES;
				CLANG_WARN_INT_CONVERSION = YES;
				CLANG_WARN_NON_LITERAL_NULL_CONVERSION = YES;
				CLANG_WARN_OBJC_IMPLICIT_RETAIN_SELF = YES;
				CLANG_WARN_OBJC_LITERAL_CONVERSION = YES;
				CLANG_WARN_OBJC_ROOT_CLASS = YES_ERROR;
				CLANG_WARN_QUOTED_INCLUDE_IN_FRAMEWORK_HEADER = YES;
				CLANG_WARN_RANGE_LOOP_ANALYSIS = YES;
				CLANG_WARN_STRICT_PROTOTYPES = YES;
				CLANG_WARN_SUSPICIOUS_MOVE = YES;
				CLANG_WARN_UNGUARDED_AVAILABILITY = YES_AGGRESSIVE;
				CLANG_WARN_UNREACHABLE_CODE = YES;
				CLANG_WARN__DUPLICATE_METHOD_MATCH = YES;
				COPY_PHASE_STRIP = NO;
				DEBUG_INFORMATION_FORMAT = "dwarf-with-dsym";
				ENABLE_NS_ASSERTIONS = NO;
				ENABLE_STRICT_OBJC_MSGSEND = YES;
				ENABLE_USER_SCRIPT_SANDBOXING = YES;
				GCC_C_LANGUAGE_STANDARD = gnu17;
				GCC_NO_COMMON_BLOCKS = YES;
				GCC_WARN_64_TO_32_BIT_CONVERSION = YES;
				GCC_WARN_ABOUT_RETURN_TYPE = YES_ERROR;
				GCC_WARN_UNDECLARED_SELECTOR = YES;
				GCC_WARN_UNINITIALIZED_AUTOS = YES_AGGRESSIVE;
				GCC_WARN_UNUSED_FUNCTION = YES;
				GCC_WARN_UNUSED_VARIABLE = YES;
				IPHONEOS_DEPLOYMENT_TARGET = 17.0;
				LOCALIZATION_PREFERS_STRING_CATALOGS = YES;
				MTL_ENABLE_DEBUG_INFO = NO;
				MTL_FAST_MATH = YES;
				SDKROOT = iphoneos;
				SWIFT_COMPILATION_MODE = wholemodule;
				VALIDATE_PRODUCT = YES;
			};
			name = Release;
		};
		8A1B2C3D4E5F6A7B000000C3 /* Debug */ = {
			isa = XCBuildConfiguration;
			buildSettings = {
				ALWAYS_EMBED_SWIFT_STANDARD_LIBRARIES = YES;
				ASSETCATALOG_COMPILER_APPICON_NAME = AppIcon;
				ASSETCATALOG_COMPILER_GLOBAL_ACCENT_COLOR_NAME = AccentColor;
				CODE_SIGN_STYLE = Automatic;
				CURRENT_PROJECT_VERSION = 1;
				DEVELOPMENT_TEAM = 9YKB34T46U;
				ENABLE_PREVIEWS = YES;
				GENERATE_INFOPLIST_FILE = YES;
				INFOPLIST_FILE = MarkShare/Info.plist;
				INFOPLIST_KEY_CFBundleDisplayName = "Mark Share";
				INFOPLIST_KEY_UIApplicationSceneManifest_Generation = YES;
				INFOPLIST_KEY_UIApplicationSupportsIndirectInputEvents = YES;
				INFOPLIST_KEY_UILaunchScreen_Generation = YES;
				INFOPLIST_KEY_UISupportedInterfaceOrientations_iPad = "UIInterfaceOrientationPortrait UIInterfaceOrientationPortraitUpsideDown UIInterfaceOrientationLandscapeLeft UIInterfaceOrientationLandscapeRight";
				INFOPLIST_KEY_UISupportedInterfaceOrientations_iPhone = "UIInterfaceOrientationPortrait UIInterfaceOrientationLandscapeLeft UIInterfaceOrientationLandscapeRight";
				LD_RUNPATH_SEARCH_PATHS = (
					"$(inherited)",
					"@executable_path/Frameworks",
				);
				MARKETING_VERSION = 1.3;
				PRODUCT_BUNDLE_IDENTIFIER = com.markshare.app;
				PRODUCT_NAME = "$(TARGET_NAME)";
				SWIFT_EMIT_LOC_STRINGS = YES;
				SWIFT_VERSION = 5.0;
				TARGETED_DEVICE_FAMILY = "1,2";
			};
			name = Debug;
		};
		8A1B2C3D4E5F6A7B000000C4 /* Release */ = {
			isa = XCBuildConfiguration;
			buildSettings = {
				ALWAYS_EMBED_SWIFT_STANDARD_LIBRARIES = YES;
				ASSETCATALOG_COMPILER_APPICON_NAME = AppIcon;
				ASSETCATALOG_COMPILER_GLOBAL_ACCENT_COLOR_NAME = AccentColor;
				CODE_SIGN_STYLE = Automatic;
				CURRENT_PROJECT_VERSION = 1;
				DEVELOPMENT_TEAM = 9YKB34T46U;
				ENABLE_PREVIEWS = YES;
				GENERATE_INFOPLIST_FILE = YES;
				INFOPLIST_FILE = MarkShare/Info.plist;
				INFOPLIST_KEY_CFBundleDisplayName = "Mark Share";
				INFOPLIST_KEY_UIApplicationSceneManifest_Generation = YES;
				INFOPLIST_KEY_UIApplicationSupportsIndirectInputEvents = YES;
				INFOPLIST_KEY_UILaunchScreen_Generation = YES;
				INFOPLIST_KEY_UISupportedInterfaceOrientations_iPad = "UIInterfaceOrientationPortrait UIInterfaceOrientationPortraitUpsideDown UIInterfaceOrientationLandscapeLeft UIInterfaceOrientationLandscapeRight";
				INFOPLIST_KEY_UISupportedInterfaceOrientations_iPhone = "UIInterfaceOrientationPortrait UIInterfaceOrientationLandscapeLeft UIInterfaceOrientationLandscapeRight";
				LD_RUNPATH_SEARCH_PATHS = (
					"$(inherited)",
					"@executable_path/Frameworks",
				);
				MARKETING_VERSION = 1.3;
				PRODUCT_BUNDLE_IDENTIFIER = com.markshare.app;
				PRODUCT_NAME = "$(TARGET_NAME)";
				SWIFT_EMIT_LOC_STRINGS = YES;
				SWIFT_VERSION = 5.0;
				TARGETED_DEVICE_FAMILY = "1,2";
			};
			name = Release;
		};
		9B2C3D4E5F6A7B8C000000C1 /* Debug */ = {
			isa = XCBuildConfiguration;
			buildSettings = {
				CODE_SIGN_STYLE = Automatic;
				CURRENT_PROJECT_VERSION = 1;
				DEVELOPMENT_TEAM = 9YKB34T46U;
				GENERATE_INFOPLIST_FILE = YES;
				INFOPLIST_FILE = MarkShareExtension/Info.plist;
				INFOPLIST_KEY_CFBundleDisplayName = MarkShare;
				INFOPLIST_KEY_NSHumanReadableCopyright = "";
				LD_RUNPATH_SEARCH_PATHS = (
					"$(inherited)",
					"@executable_path/Frameworks",
					"@executable_path/../../Frameworks",
				);
				MARKETING_VERSION = 1.3;
				PRODUCT_BUNDLE_IDENTIFIER = com.markshare.app.share;
				PRODUCT_NAME = "$(TARGET_NAME)";
				SKIP_INSTALL = YES;
				SWIFT_EMIT_LOC_STRINGS = YES;
				SWIFT_VERSION = 5.0;
				TARGETED_DEVICE_FAMILY = "1,2";
			};
			name = Debug;
		};
		9B2C3D4E5F6A7B8C000000C2 /* Release */ = {
			isa = XCBuildConfiguration;
			buildSettings = {
				CODE_SIGN_STYLE = Automatic;
				CURRENT_PROJECT_VERSION = 1;
				DEVELOPMENT_TEAM = 9YKB34T46U;
				GENERATE_INFOPLIST_FILE = YES;
				INFOPLIST_FILE = MarkShareExtension/Info.plist;
				INFOPLIST_KEY_CFBundleDisplayName = MarkShare;
				INFOPLIST_KEY_NSHumanReadableCopyright = "";
				LD_RUNPATH_SEARCH_PATHS = (
					"$(inherited)",
					"@executable_path/Frameworks",
					"@executable_path/../../Frameworks",
				);
				MARKETING_VERSION = 1.3;
				PRODUCT_BUNDLE_IDENTIFIER = com.markshare.app.share;
				PRODUCT_NAME = "$(TARGET_NAME)";
				SKIP_INSTALL = YES;
				SWIFT_EMIT_LOC_STRINGS = YES;
				SWIFT_VERSION = 5.0;
				TARGETED_DEVICE_FAMILY = "1,2";
			};
			name = Release;
		};
		TC1B2C3D4E5F6A7B000000C1 /* Debug */ = {
			isa = XCBuildConfiguration;
			buildSettings = {
				BUNDLE_LOADER = "$(TEST_HOST)";
				CODE_SIGN_STYLE = Automatic;
				CURRENT_PROJECT_VERSION = 1;
				DEVELOPMENT_TEAM = 9YKB34T46U;
				GENERATE_INFOPLIST_FILE = YES;
				IPHONEOS_DEPLOYMENT_TARGET = 17.0;
				MARKETING_VERSION = 1.3;
				PRODUCT_BUNDLE_IDENTIFIER = com.markshare.app.tests;
				PRODUCT_NAME = "$(TARGET_NAME)";
				SWIFT_EMIT_LOC_STRINGS = NO;
				SWIFT_VERSION = 5.0;
				TARGETED_DEVICE_FAMILY = "1,2";
				TEST_HOST = "$(BUILT_PRODUCTS_DIR)/MarkShare.app/$(BUNDLE_EXECUTABLE_FOLDER_PATH)/MarkShare";
			};
			name = Debug;
		};
		TC1B2C3D4E5F6A7B000000C2 /* Release */ = {
			isa = XCBuildConfiguration;
			buildSettings = {
				BUNDLE_LOADER = "$(TEST_HOST)";
				CODE_SIGN_STYLE = Automatic;
				CURRENT_PROJECT_VERSION = 1;
				DEVELOPMENT_TEAM = 9YKB34T46U;
				GENERATE_INFOPLIST_FILE = YES;
				IPHONEOS_DEPLOYMENT_TARGET = 17.0;
				MARKETING_VERSION = 1.3;
				PRODUCT_BUNDLE_IDENTIFIER = com.markshare.app.tests;
				PRODUCT_NAME = "$(TARGET_NAME)";
				SWIFT_EMIT_LOC_STRINGS = NO;
				SWIFT_VERSION = 5.0;
				TARGETED_DEVICE_FAMILY = "1,2";
				TEST_HOST = "$(BUILT_PRODUCTS_DIR)/MarkShare.app/$(BUNDLE_EXECUTABLE_FOLDER_PATH)/MarkShare";
			};
			name = Release;
		};
/* End XCBuildConfiguration section */

/* Begin XCConfigurationList section */
		8A1B2C3D4E5F6A7B000000A0 /* Build configuration list for PBXNativeTarget "MarkShare" */ = {
			isa = XCConfigurationList;
			buildConfigurations = (
				8A1B2C3D4E5F6A7B000000C3 /* Debug */,
				8A1B2C3D4E5F6A7B000000C4 /* Release */,
			);
			defaultConfigurationIsVisible = 0;
			defaultConfigurationName = Release;
		};
		8A1B2C3D4E5F6A7B000000B0 /* Build configuration list for PBXProject "MarkShare" */ = {
			isa = XCConfigurationList;
			buildConfigurations = (
				8A1B2C3D4E5F6A7B000000C1 /* Debug */,
				8A1B2C3D4E5F6A7B000000C2 /* Release */,
			);
			defaultConfigurationIsVisible = 0;
			defaultConfigurationName = Release;
		};
		9B2C3D4E5F6A7B8C000000A0 /* Build configuration list for PBXNativeTarget "MarkShareExtension" */ = {
			isa = XCConfigurationList;
			buildConfigurations = (
				9B2C3D4E5F6A7B8C000000C1 /* Debug */,
				9B2C3D4E5F6A7B8C000000C2 /* Release */,
			);
			defaultConfigurationIsVisible = 0;
			defaultConfigurationName = Release;
		};
		TC1B2C3D4E5F6A7B000000A0 /* Build configuration list for PBXNativeTarget "MarkShareTests" */ = {
			isa = XCConfigurationList;
			buildConfigurations = (
				TC1B2C3D4E5F6A7B000000C1 /* Debug */,
				TC1B2C3D4E5F6A7B000000C2 /* Release */,
			);
			defaultConfigurationIsVisible = 0;
			defaultConfigurationName = Release;
		};
/* End XCConfigurationList section */
	};
	rootObject = 8A1B2C3D4E5F6A7B00000100 /* Project object */;
}
